// !$*UTF8*$!
{
	archiveVersion = 1;
	classes = {
	};
	objectVersion = 46;
	objects = {

/* Begin PBXBuildFile section */
		1A8F42D31CBBC40600E36BBD /* main.m in Sources */ = {isa = PBXBuildFile; fileRef = 1A8F42D21CBBC40600E36BBD /* main.m */; };
		1A8F42D61CBBC40600E36BBD /* AppDelegate.m in Sources */ = {isa = PBXBuildFile; fileRef = 1A8F42D51CBBC40600E36BBD /* AppDelegate.m */; };
		1A8F42D91CBBC40600E36BBD /* ViewController.m in Sources */ = {isa = PBXBuildFile; fileRef = 1A8F42D81CBBC40600E36BBD /* ViewController.m */; };
		1A8F42DC1CBBC40600E36BBD /* Main.storyboard in Resources */ = {isa = PBXBuildFile; fileRef = 1A8F42DA1CBBC40600E36BBD /* Main.storyboard */; };
		1A8F42DE1CBBC40600E36BBD /* Assets.xcassets in Resources */ = {isa = PBXBuildFile; fileRef = 1A8F42DD1CBBC40600E36BBD /* Assets.xcassets */; };
		1A8F42E11CBBC40600E36BBD /* LaunchScreen.storyboard in Resources */ = {isa = PBXBuildFile; fileRef = 1A8F42DF1CBBC40600E36BBD /* LaunchScreen.storyboard */; };
/* End PBXBuildFile section */

/* Begin PBXFileReference section */
		1A8F42CE1CBBC40600E36BBD /* LearnNSCondition.app */ = {isa = PBXFileReference; explicitFileType = wrapper.application; includeInIndex = 0; path = LearnNSCondition.app; sourceTree = BUILT_PRODUCTS_DIR; };
		1A8F42D21CBBC40600E36BBD /* main.m */ = {isa = PBXFileReference; lastKnownFileType = sourcecode.c.objc; path = main.m; sourceTree = "<group>"; };
		1A8F42D41CBBC40600E36BBD /* AppDelegate.h */ = {isa = PBXFileReference; lastKnownFileType = sourcecode.c.h; path = AppDelegate.h; sourceTree = "<group>"; };
		1A8F42D51CBBC40600E36BBD /* AppDelegate.m */ = {isa = PBXFileReference; lastKnownFileType = sourcecode.c.objc; path = AppDelegate.m; sourceTree = "<group>"; };
		1A8F42D71CBBC40600E36BBD /* ViewController.h */ = {isa = PBXFileReference; lastKnownFileType = sourcecode.c.h; path = ViewController.h; sourceTree = "<group>"; };
		1A8F42D81CBBC40600E36BBD /* ViewController.m */ = {isa = PBXFileReference; lastKnownFileType = sourcecode.c.objc; path = ViewController.m; sourceTree = "<group>"; };
		1A8F42DB1CBBC40600E36BBD /* Base */ = {isa = PBXFileReference; lastKnownFileType = file.storyboard; name = Base; path = Base.lproj/Main.storyboard; sourceTree = "<group>"; };
		1A8F42DD1CBBC40600E36BBD /* Assets.xcassets */ = {isa = PBXFileReference; lastKnownFileType = folder.assetcatalog; path = Assets.xcassets; sourceTree = "<group>"; };
		1A8F42E01CBBC40600E36BBD /* Base */ = {isa = PBXFileReference; lastKnownFileType = file.storyboard; name = Base; path = Base.lproj/LaunchScreen.storyboard; sourceTree = "<group>"; };
		1A8F42E21CBBC40600E36BBD /* Info.plist */ = {isa = PBXFileReference; lastKnownFileType = text.plist.xml; path = Info.plist; sourceTree = "<group>"; };
/* End PBXFileReference section */

/* Begin PBXFrameworksBuildPhase section */
		1A8F42CB1CBBC40600E36BBD /* Frameworks */ = {
			isa = PBXFrameworksBuildPhase;
			buildActionMask = 2147483647;
			files = (
			);
			runOnlyForDeploymentPostprocessing = 0;
		};
/* End PBXFrameworksBuildPhase section */

/* Begin PBXGroup section */
		1A8F42C51CBBC40600E36BBD = {
			isa = PBXGroup;
			children = (
				1A8F42D01CBBC40600E36BBD /* LearnNSCondition */,
				1A8F42CF1CBBC40600E36BBD /* Products */,
			);
			sourceTree = "<group>";
		};
		1A8F42CF1CBBC40600E36BBD /* Products */ = {
			isa = PBXGroup;
			children = (
				1A8F42CE1CBBC40600E36BBD /* LearnNSCondition.app */,
			);
			name = Products;
			sourceTree = "<group>";
		};
		1A8F42D01CBBC40600E36BBD /* LearnNSCondition */ = {
			isa = PBXGroup;
			children = (
				1A8F42D41CBBC40600E36BBD /* AppDelegate.h */,
				1A8F42D51CBBC40600E36BBD /* AppDelegate.m */,
				1A8F42D71CBBC40600E36BBD /* ViewController.h */,
				1A8F42D81CBBC40600E36BBD /* ViewController.m */,
				1A8F42DA1CBBC40600E36BBD /* Main.storyboard */,
				1A8F42DD1CBBC40600E36BBD /* Assets.xcassets */,
				1A8F42DF1CBBC40600E36BBD /* LaunchScreen.storyboard */,
				1A8F42E21CBBC40600E36BBD /* Info.plist */,
				1A8F42D11CBBC40600E36BBD /* Supporting Files */,
			);
			path = LearnNSCondition;
			sourceTree = "<group>";
		};
		1A8F42D11CBBC40600E36BBD /* Supporting Files */ = {
			isa = PBXGroup;
			children = (
				1A8F42D21CBBC40600E36BBD /* main.m */,
			);
			name = "Supporting Files";
			sourceTree = "<group>";
		};
/* End PBXGroup section */

/* Begin PBXNativeTarget section */
		1A8F42CD1CBBC40600E36BBD /* LearnNSCondition */ = {
			isa = PBXNativeTarget;
			buildConfigurationList = 1A8F42E51CBBC40600E36BBD /* Build configuration list for PBXNativeTarget "LearnNSCondition" */;
			buildPhases = (
				1A8F42CA1CBBC40600E36BBD /* Sources */,
				1A8F42CB1CBBC40600E36BBD /* Frameworks */,
				1A8F42CC1CBBC40600E36BBD /* Resources */,
			);
			buildRules = (
			);
			dependencies = (
			);
			name = LearnNSCondition;
			productName = LearnNSCondition;
			productReference = 1A8F42CE1CBBC40600E36BBD /* LearnNSCondition.app */;
			productType = "com.apple.product-type.application";
		};
/* End PBXNativeTarget section */

/* Begin PBXProject section */
		1A8F42C61CBBC40600E36BBD /* Project object */ = {
			isa = PBXProject;
			attributes = {
				LastUpgradeCheck = 0730;
				ORGANIZATIONNAME = zybug;
				TargetAttributes = {
					1A8F42CD1CBBC40600E36BBD = {
						CreatedOnToolsVersion = 7.3;
					};
				};
			};
			buildConfigurationList = 1A8F42C91CBBC40600E36BBD /* Build configuration list for PBXProject "LearnNSCondition" */;
			compatibilityVersion = "Xcode 3.2";
			developmentRegion = English;
			hasScannedForEncodings = 0;
			knownRegions = (
				en,
				Base,
			);
			mainGroup = 1A8F42C51CBBC40600E36BBD;
			productRefGroup = 1A8F42CF1CBBC40600E36BBD /* Products */;
			projectDirPath = "";
			projectRoot = "";
			targets = (
				1A8F42CD1CBBC40600E36BBD /* LearnNSCondition */,
			);
		};
/* End PBXProject section */

/* Begin PBXResourcesBuildPhase section */
		1A8F42CC1CBBC40600E36BBD /* Resources */ = {
			isa = PBXResourcesBuildPhase;
			buildActionMask = 2147483647;
			files = (
				1A8F42E11CBBC40600E36BBD /* LaunchScreen.storyboard in Resources */,
				1A8F42DE1CBBC40600E36BBD /* Assets.xcassets in Resources */,
				1A8F42DC1CBBC40600E36BBD /* Main.storyboard in Resources */,
			);
			runOnlyForDeploymentPostprocessing = 0;
		};
/* End PBXResourcesBuildPhase section */

/* Begin PBXSourcesBuildPhase section */
		1A8F42CA1CBBC40600E36BBD /* Sources */ = {
			isa = PBXSourcesBuildPhase;
			buildActionMask = 2147483647;
			files = (
				1A8F42D91CBBC40600E36BBD /* ViewController.m in Sources */,
				1A8F42D61CBBC40600E36BBD /* AppDelegate.m in Sources */,
				1A8F42D31CBBC40600E36BBD /* main.m in Sources */,
			);
			runOnlyForDeploymentPostprocessing = 0;
		};
/* End PBXSourcesBuildPhase section */

/* Begin PBXVariantGroup section */
		1A8F42DA1CBBC40600E36BBD /* Main.storyboard */ = {
			isa = PBXVariantGroup;
			children = (
				1A8F42DB1CBBC40600E36BBD /* Base */,
			);
			name = Main.storyboard;
			sourceTree = "<group>";
		};
		1A8F42DF1CBBC40600E36BBD /* LaunchScreen.storyboard */ = {
			isa = PBXVariantGroup;
			children = (
				1A8F42E01CBBC40600E36BBD /* Base */,
			);
			name = LaunchScreen.storyboard;
			sourceTree = "<group>";
		};
/* End PBXVariantGroup section */

/* Begin XCBuildConfiguration section */
		1A8F42E31CBBC40600E36BBD /* Debug */ = {
			isa = XCBuildConfiguration;
			buildSettings = {
				ALWAYS_SEARCH_USER_PATHS = NO;
				CLANG_ANALYZER_NONNULL = YES;
				CLANG_CXX_LANGUAGE_STANDARD = "gnu++0x";
				CLANG_CXX_LIBRARY = "libc++";
				CLANG_ENABLE_MODULES = YES;
				CLANG_ENABLE_OBJC_ARC = YES;
				CLANG_WARN_BOOL_CONVERSION = YES;
				CLANG_WARN_CONSTANT_CONVERSION = YES;
				CLANG_WARN_DIRECT_OBJC_ISA_USAGE = YES_ERROR;
				CLANG_WARN_EMPTY_BODY = YES;
				CLANG_WARN_ENUM_CONVERSION = YES;
				CLANG_WARN_INT_CONVERSION = YES;
				CLANG_WARN_OBJC_ROOT_CLASS = YES_ERROR;
				CLANG_WARN_UNREACHABLE_CODE = YES;
				CLANG_WARN__DUPLICATE_METHOD_MATCH = YES;
				"CODE_SIGN_IDENTITY[sdk=iphoneos*]" = "iPhone Developer";
				COPY_PHASE_STRIP = NO;
				DEBUG_INFORMATION_FORMAT = dwarf;
				ENABLE_STRICT_OBJC_MSGSEND = YES;
				ENABLE_TESTABILITY = YES;
				GCC_C_LANGUAGE_STANDARD = gnu99;
				GCC_DYNAMIC_NO_PIC = NO;
				GCC_NO_COMMON_BLOCKS = YES;
				GCC_OPTIMIZATION_LEVEL = 0;
				GCC_PREPROCESSOR_DEFINITIONS = (
					"DEBUG=1",
					"$(inherited)",
				);
				GCC_WARN_64_TO_32_BIT_CONVERSION = YES;
				GCC_WARN_ABOUT_RETURN_TYPE = YES_ERROR;
				GCC_WARN_UNDECLARED_SELECTOR = YES;
				GCC_WARN_UNINITIALIZED_AUTOS = YES_AGGRESSIVE;
				GCC_WARN_UNUSED_FUNCTION = YES;
				GCC_WARN_UNUSED_VARIABLE = YES;
				IPHONEOS_DEPLOYMENT_TARGET = 9.3;
				MTL_ENABLE_DEBUG_INFO = YES;
				ONLY_ACTIVE_ARCH = YES;
				SDKROOT = iphoneos;
				TARGETED_DEVICE_FAMILY = "1,2";
			};
			name = Debug;
		};
		1A8F42E41CBBC40600E36BBD /* Release */ = {
			isa = XCBuildConfiguration;
			buildSettings = {
				ALWAYS_SEARCH_USER_PATHS = NO;
				CLANG_ANALYZER_NONNULL = YES;
				CLANG_CXX_LANGUAGE_STANDARD = "gnu++0x";
				CLANG_CXX_LIBRARY = "libc++";
				CLANG_ENABLE_MODULES = YES;
				CLANG_ENABLE_OBJC_ARC = YES;
				CLANG_WARN_BOOL_CONVERSION = YES;
				CLANG_WARN_CONSTANT_CONVERSION = YES;
				CLANG_WARN_DIRECT_OBJC_ISA_USAGE = YES_ERROR;
				CLANG_WARN_EMPTY_BODY = YES;
				CLANG_WARN_ENUM_CONVERSION = YES;
				CLANG_WARN_INT_CONVERSION = YES;
				CLANG_WARN_OBJC_ROOT_CLASS = YES_ERROR;
				CLANG_WARN_UNREACHABLE_CODE = YES;
				CLANG_WARN__DUPLICATE_METHOD_MATCH = YES;
				"CODE_SIGN_IDENTITY[sdk=iphoneos*]" = "iPhone Developer";
				COPY_PHASE_STRIP = NO;
				DEBUG_INFORMATION_FORMAT = "dwarf-with-dsym";
				ENABLE_NS_ASSERTIONS = NO;
				ENABLE_STRICT_OBJC_MSGSEND = YES;
				GCC_C_LANGUAGE_STANDARD = gnu99;
				GCC_NO_COMMON_BLOCKS = YES;
				GCC_WARN_64_TO_32_BIT_CONVERSION = YES;
				GCC_WARN_ABOUT_RETURN_TYPE = YES_ERROR;
				GCC_WARN_UNDECLARED_SELECTOR = YES;
				GCC_WARN_UNINITIALIZED_AUTOS = YES_AGGRESSIVE;
				GCC_WARN_UNUSED_FUNCTION = YES;
				GCC_WARN_UNUSED_VARIABLE = YES;
				IPHONEOS_DEPLOYMENT_TARGET = 9.3;
				MTL_ENABLE_DEBUG_INFO = NO;
				SDKROOT = iphoneos;
				TARGETED_DEVICE_FAMILY = "1,2";
				VALIDATE_PRODUCT = YES;
			};
			name = Release;
		};
		1A8F42E61CBBC40600E36BBD /* Debug */ = {
			isa = XCBuildConfiguration;
			buildSettings = {
				ASSETCATALOG_COMPILER_APPICON_NAME = AppIcon;
				INFOPLIST_FILE = LearnNSCondition/Info.plist;
				LD_RUNPATH_SEARCH_PATHS = "$(inherited) @executable_path/Frameworks";
				PRODUCT_BUNDLE_IDENTIFIER = com.zybug.LearnNSCondition;
				PRODUCT_NAME = "$(TARGET_NAME)";
			};
			name = Debug;
		};
		1A8F42E71CBBC40600E36BBD /* Release */ = {
			isa = XCBuildConfiguration;
			buildSettings = {
				ASSETCATALOG_COMPILER_APPICON_NAME = AppIcon;
				INFOPLIST_FILE = LearnNSCondition/Info.plist;
				LD_RUNPATH_SEARCH_PATHS = "$(inherited) @executable_path/Frameworks";
				PRODUCT_BUNDLE_IDENTIFIER = com.zybug.LearnNSCondition;
				PRODUCT_NAME = "$(TARGET_NAME)";
			};
			name = Release;
		};
/* End XCBuildConfiguration section */

/* Begin XCConfigurationList section */
		1A8F42C91CBBC40600E36BBD /* Build configuration list for PBXProject "LearnNSCondition" */ = {
			isa = XCConfigurationList;
			buildConfigurations = (
				1A8F42E31CBBC40600E36BBD /* Debug */,
				1A8F42E41CBBC40600E36BBD /* Release */,
			);
			defaultConfigurationIsVisible = 0;
			defaultConfigurationName = Release;
		};
		1A8F42E51CBBC40600E36BBD /* Build configuration list for PBXNativeTarget "LearnNSCondition" */ = {
			isa = XCConfigurationList;
			buildConfigurations = (
				1A8F42E61CBBC40600E36BBD /* Debug */,
				1A8F42E71CBBC40600E36BBD /* Release */,
			);
			defaultConfigurationIsVisible = 0;
		};
/* End XCConfigurationList section */
	};
	rootObject = 1A8F42C61CBBC40600E36BBD /* Project object */;
}
